
Microsoft Visual Studio Solution File, Format Version 12.00
# Visual Studio Version 17
VisualStudioVersion = 17.6.33815.320
MinimumVisualStudioVersion = 10.0.40219.1
Project("{FAE04EC0-301F-11D3-BF4B-00C04F79EFBC}") = "Lab2", "Lab2\Lab2.csproj", "{E083BDFF-1B29-4EAF-A412-250A867DC270}"
EndProject
Global
	GlobalSection(SolutionConfigurationPlatforms) = preSolution
		Debug|Any CPU = Debug|Any CPU
		Release|Any CPU = Release|Any CPU
	EndGlobalSection
	GlobalSection(ProjectConfigurationPlatforms) = postSolution
		{E083BDFF-1B29-4EAF-A412-250A867DC270}.Debug|Any CPU.ActiveCfg = Debug|Any CPU
		{E083BDFF-1B29-4EAF-A412-250A867DC270}.Debug|Any CPU.Build.0 = Debug|Any CPU
		{E083BDFF-1B29-4EAF-A412-250A867DC270}.Release|Any CPU.ActiveCfg = Release|Any CPU
		{E083BDFF-1B29-4EAF-A412-250A867DC270}.Release|Any CPU.Build.0 = Release|Any CPU
	EndGlobalSection
	GlobalSection(SolutionProperties) = preSolution
		HideSolutionNode = FALSE
	EndGlobalSection
	GlobalSection(ExtensibilityGlobals) = postSolution
		SolutionGuid = {4C8196CA-B567-4ECC-80A8-ED0F7D4AA4D9}
	EndGlobalSection
EndGlobal
